
Microsoft Visual Studio Solution File, Format Version 12.00
# Visual Studio Version 17
VisualStudioVersion = 17.10.34916.146
MinimumVisualStudioVersion = 10.0.40219.1
Project("{FAE04EC0-301F-11D3-BF4B-00C04F79EFBC}") = "RepositoryPattern", "RepositoryPattern\RepositoryPattern.csproj", "{27BB1EB8-BBC9-4D08-A2B7-EAD09B9EF672}"
EndProject
Global
	GlobalSection(SolutionConfigurationPlatforms) = preSolution
		Debug|Any CPU = Debug|Any CPU
		Release|Any CPU = Release|Any CPU
	EndGlobalSection
	GlobalSection(ProjectConfigurationPlatforms) = postSolution
		{27BB1EB8-BBC9-4D08-A2B7-EAD09B9EF672}.Debug|Any CPU.ActiveCfg = Debug|Any CPU
		{27BB1EB8-BBC9-4D08-A2B7-EAD09B9EF672}.Debug|Any CPU.Build.0 = Debug|Any CPU
		{27BB1EB8-BBC9-4D08-A2B7-EAD09B9EF672}.Release|Any CPU.ActiveCfg = Release|Any CPU
		{27BB1EB8-BBC9-4D08-A2B7-EAD09B9EF672}.Release|Any CPU.Build.0 = Release|Any CPU
	EndGlobalSection
	GlobalSection(SolutionProperties) = preSolution
		HideSolutionNode = FALSE
	EndGlobalSection
	GlobalSection(ExtensibilityGlobals) = postSolution
		SolutionGuid = {C81ADB7B-FFF3-44F8-9E36-709712539875}
	EndGlobalSection
EndGlobal
